// !$*UTF8*$!
{
	archiveVersion = 1;
	classes = {
	};
	objectVersion = 46;
	objects = {

/* Begin PBXBuildFile section */
		633727601C7EAEA4003E8447 /* Word.swift in Sources */ = {isa = PBXBuildFile; fileRef = 6337275E1C7EAEA4003E8447 /* Word.swift */; };
		637AF0691C817F8D005A36BA /* DefinitionPopoverVC.swift in Sources */ = {isa = PBXBuildFile; fileRef = 637AF0681C817F8D005A36BA /* DefinitionPopoverVC.swift */; };
		637AF06B1C8236C8005A36BA /* WordnikClient.swift in Sources */ = {isa = PBXBuildFile; fileRef = 637AF06A1C8236C8005A36BA /* WordnikClient.swift */; };
		637AF06D1C83512F005A36BA /* OptionsViewController.swift in Sources */ = {isa = PBXBuildFile; fileRef = 637AF06C1C83512F005A36BA /* OptionsViewController.swift */; };
		637AF06F1C835B34005A36BA /* extension-Gradient.swift in Sources */ = {isa = PBXBuildFile; fileRef = 637AF06E1C835B34005A36BA /* extension-Gradient.swift */; };
		637AF0741C83EF1F005A36BA /* wordnik-logo.png in Resources */ = {isa = PBXBuildFile; fileRef = 637AF0711C83EF1F005A36BA /* wordnik-logo.png */; };
		637AF0751C83EF1F005A36BA /* wordnik-logo@2x.png in Resources */ = {isa = PBXBuildFile; fileRef = 637AF0721C83EF1F005A36BA /* wordnik-logo@2x.png */; };
		637AF0761C83EF1F005A36BA /* wordnik-logo@3x.png in Resources */ = {isa = PBXBuildFile; fileRef = 637AF0731C83EF1F005A36BA /* wordnik-logo@3x.png */; };
		637AF0781C84297C005A36BA /* FlickrClient.swift in Sources */ = {isa = PBXBuildFile; fileRef = 637AF0771C84297C005A36BA /* FlickrClient.swift */; };
		637AF07A1C84560D005A36BA /* GradientSlider.swift in Sources */ = {isa = PBXBuildFile; fileRef = 637AF0791C84560D005A36BA /* GradientSlider.swift */; };
		63A3A1111C763F6C00F440B5 /* AppDelegate.swift in Sources */ = {isa = PBXBuildFile; fileRef = 63A3A1101C763F6C00F440B5 /* AppDelegate.swift */; };
		63A3A1161C763F6C00F440B5 /* Main.storyboard in Resources */ = {isa = PBXBuildFile; fileRef = 63A3A1141C763F6C00F440B5 /* Main.storyboard */; };
		63A3A1191C763F6C00F440B5 /* AtoZ.xcdatamodeld in Sources */ = {isa = PBXBuildFile; fileRef = 63A3A1171C763F6C00F440B5 /* AtoZ.xcdatamodeld */; };
		63A3A11B1C763F6C00F440B5 /* Assets.xcassets in Resources */ = {isa = PBXBuildFile; fileRef = 63A3A11A1C763F6C00F440B5 /* Assets.xcassets */; };
		63A3A11E1C763F6C00F440B5 /* LaunchScreen.storyboard in Resources */ = {isa = PBXBuildFile; fileRef = 63A3A11C1C763F6C00F440B5 /* LaunchScreen.storyboard */; };
		63A3A1261C764E3E00F440B5 /* AtoZViewController.swift in Sources */ = {isa = PBXBuildFile; fileRef = 63A3A1251C764E3E00F440B5 /* AtoZViewController.swift */; };
		63A3A1281C76520500F440B5 /* 3letterwordlist.txt in Resources */ = {isa = PBXBuildFile; fileRef = 63A3A1271C76520500F440B5 /* 3letterwordlist.txt */; };
		63A3A12A1C7652C300F440B5 /* AtoZModel.swift in Sources */ = {isa = PBXBuildFile; fileRef = 63A3A1291C7652C300F440B5 /* AtoZModel.swift */; };
		63A3A12C1C765C4100F440B5 /* AtoZTableViewController.swift in Sources */ = {isa = PBXBuildFile; fileRef = 63A3A12B1C765C4100F440B5 /* AtoZTableViewController.swift */; };
		63A3A12E1C76603300F440B5 /* WordListCell.swift in Sources */ = {isa = PBXBuildFile; fileRef = 63A3A12D1C76603300F440B5 /* WordListCell.swift */; };
		63A9FEE81C7AB4B500AE54F1 /* CoreDataStackManager.swift in Sources */ = {isa = PBXBuildFile; fileRef = 63A9FEE71C7AB4B500AE54F1 /* CoreDataStackManager.swift */; };
		63A9FEF01C7AC29C00AE54F1 /* LetterSet.swift in Sources */ = {isa = PBXBuildFile; fileRef = 63A9FEEA1C7AC29C00AE54F1 /* LetterSet.swift */; };
		63A9FEF21C7AC29C00AE54F1 /* Letter.swift in Sources */ = {isa = PBXBuildFile; fileRef = 63A9FEEC1C7AC29C00AE54F1 /* Letter.swift */; };
		63A9FEF41C7AC29C00AE54F1 /* GameData.swift in Sources */ = {isa = PBXBuildFile; fileRef = 63A9FEEE1C7AC29C00AE54F1 /* GameData.swift */; };
/* End PBXBuildFile section */

/* Begin PBXFileReference section */
		6337275E1C7EAEA4003E8447 /* Word.swift */ = {isa = PBXFileReference; fileEncoding = 4; lastKnownFileType = sourcecode.swift; path = Word.swift; sourceTree = "<group>"; };
		637AF0681C817F8D005A36BA /* DefinitionPopoverVC.swift */ = {isa = PBXFileReference; fileEncoding = 4; lastKnownFileType = sourcecode.swift; path = DefinitionPopoverVC.swift; sourceTree = "<group>"; };
		637AF06A1C8236C8005A36BA /* WordnikClient.swift */ = {isa = PBXFileReference; fileEncoding = 4; lastKnownFileType = sourcecode.swift; path = WordnikClient.swift; sourceTree = "<group>"; };
		637AF06C1C83512F005A36BA /* OptionsViewController.swift */ = {isa = PBXFileReference; fileEncoding = 4; lastKnownFileType = sourcecode.swift; path = OptionsViewController.swift; sourceTree = "<group>"; };
		637AF06E1C835B34005A36BA /* extension-Gradient.swift */ = {isa = PBXFileReference; fileEncoding = 4; lastKnownFileType = sourcecode.swift; path = "extension-Gradient.swift"; sourceTree = "<group>"; };
		637AF0711C83EF1F005A36BA /* wordnik-logo.png */ = {isa = PBXFileReference; lastKnownFileType = image.png; path = "wordnik-logo.png"; sourceTree = "<group>"; };
		637AF0721C83EF1F005A36BA /* wordnik-logo@2x.png */ = {isa = PBXFileReference; lastKnownFileType = image.png; path = "wordnik-logo@2x.png"; sourceTree = "<group>"; };
		637AF0731C83EF1F005A36BA /* wordnik-logo@3x.png */ = {isa = PBXFileReference; lastKnownFileType = image.png; path = "wordnik-logo@3x.png"; sourceTree = "<group>"; };
		637AF0771C84297C005A36BA /* FlickrClient.swift */ = {isa = PBXFileReference; fileEncoding = 4; lastKnownFileType = sourcecode.swift; path = FlickrClient.swift; sourceTree = "<group>"; };
		637AF0791C84560D005A36BA /* GradientSlider.swift */ = {isa = PBXFileReference; fileEncoding = 4; lastKnownFileType = sourcecode.swift; path = GradientSlider.swift; sourceTree = "<group>"; };
		63A3A10D1C763F6C00F440B5 /* AahToZzz.app */ = {isa = PBXFileReference; explicitFileType = wrapper.application; includeInIndex = 0; path = AahToZzz.app; sourceTree = BUILT_PRODUCTS_DIR; };
		63A3A1101C763F6C00F440B5 /* AppDelegate.swift */ = {isa = PBXFileReference; lastKnownFileType = sourcecode.swift; path = AppDelegate.swift; sourceTree = "<group>"; };
		63A3A1151C763F6C00F440B5 /* Base */ = {isa = PBXFileReference; lastKnownFileType = file.storyboard; name = Base; path = Base.lproj/Main.storyboard; sourceTree = "<group>"; };
		63A3A1181C763F6C00F440B5 /* AtoZ.xcdatamodel */ = {isa = PBXFileReference; lastKnownFileType = wrapper.xcdatamodel; path = AtoZ.xcdatamodel; sourceTree = "<group>"; };
		63A3A11A1C763F6C00F440B5 /* Assets.xcassets */ = {isa = PBXFileReference; lastKnownFileType = folder.assetcatalog; path = Assets.xcassets; sourceTree = "<group>"; };
		63A3A11D1C763F6C00F440B5 /* Base */ = {isa = PBXFileReference; lastKnownFileType = file.storyboard; name = Base; path = Base.lproj/LaunchScreen.storyboard; sourceTree = "<group>"; };
		63A3A11F1C763F6C00F440B5 /* Info.plist */ = {isa = PBXFileReference; lastKnownFileType = text.plist.xml; path = Info.plist; sourceTree = "<group>"; };
		63A3A1251C764E3E00F440B5 /* AtoZViewController.swift */ = {isa = PBXFileReference; fileEncoding = 4; lastKnownFileType = sourcecode.swift; path = AtoZViewController.swift; sourceTree = "<group>"; };
		63A3A1271C76520500F440B5 /* 3letterwordlist.txt */ = {isa = PBXFileReference; fileEncoding = 4; lastKnownFileType = text; path = 3letterwordlist.txt; sourceTree = "<group>"; };
		63A3A1291C7652C300F440B5 /* AtoZModel.swift */ = {isa = PBXFileReference; fileEncoding = 4; lastKnownFileType = sourcecode.swift; path = AtoZModel.swift; sourceTree = "<group>"; };
		63A3A12B1C765C4100F440B5 /* AtoZTableViewController.swift */ = {isa = PBXFileReference; fileEncoding = 4; lastKnownFileType = sourcecode.swift; path = AtoZTableViewController.swift; sourceTree = "<group>"; };
		63A3A12D1C76603300F440B5 /* WordListCell.swift */ = {isa = PBXFileReference; fileEncoding = 4; lastKnownFileType = sourcecode.swift; path = WordListCell.swift; sourceTree = "<group>"; };
		63A9FEE71C7AB4B500AE54F1 /* CoreDataStackManager.swift */ = {isa = PBXFileReference; fileEncoding = 4; lastKnownFileType = sourcecode.swift; path = CoreDataStackManager.swift; sourceTree = "<group>"; };
		63A9FEEA1C7AC29C00AE54F1 /* LetterSet.swift */ = {isa = PBXFileReference; fileEncoding = 4; lastKnownFileType = sourcecode.swift; path = LetterSet.swift; sourceTree = "<group>"; };
		63A9FEEC1C7AC29C00AE54F1 /* Letter.swift */ = {isa = PBXFileReference; fileEncoding = 4; lastKnownFileType = sourcecode.swift; path = Letter.swift; sourceTree = "<group>"; };
		63A9FEEE1C7AC29C00AE54F1 /* GameData.swift */ = {isa = PBXFileReference; fileEncoding = 4; lastKnownFileType = sourcecode.swift; path = GameData.swift; sourceTree = "<group>"; };
/* End PBXFileReference section */

/* Begin PBXFrameworksBuildPhase section */
		63A3A10A1C763F6C00F440B5 /* Frameworks */ = {
			isa = PBXFrameworksBuildPhase;
			buildActionMask = 2147483647;
			files = (
			);
			runOnlyForDeploymentPostprocessing = 0;
		};
/* End PBXFrameworksBuildPhase section */

/* Begin PBXGroup section */
		637AF0701C83EEE9005A36BA /* Assets */ = {
			isa = PBXGroup;
			children = (
				637AF0711C83EF1F005A36BA /* wordnik-logo.png */,
				637AF0721C83EF1F005A36BA /* wordnik-logo@2x.png */,
				637AF0731C83EF1F005A36BA /* wordnik-logo@3x.png */,
			);
			name = Assets;
			sourceTree = "<group>";
		};
		63A3A1041C763F6C00F440B5 = {
			isa = PBXGroup;
			children = (
				63A3A10F1C763F6C00F440B5 /* AahToZzz */,
				63A3A10E1C763F6C00F440B5 /* Products */,
			);
			sourceTree = "<group>";
		};
		63A3A10E1C763F6C00F440B5 /* Products */ = {
			isa = PBXGroup;
			children = (
				63A3A10D1C763F6C00F440B5 /* AahToZzz.app */,
			);
			name = Products;
			sourceTree = "<group>";
		};
		63A3A10F1C763F6C00F440B5 /* AahToZzz */ = {
			isa = PBXGroup;
			children = (
				637AF0791C84560D005A36BA /* GradientSlider.swift */,
				637AF0701C83EEE9005A36BA /* Assets */,
				63A3A1271C76520500F440B5 /* 3letterwordlist.txt */,
				63A3A1101C763F6C00F440B5 /* AppDelegate.swift */,
				63A3A1141C763F6C00F440B5 /* Main.storyboard */,
				63A3A11A1C763F6C00F440B5 /* Assets.xcassets */,
				63A3A11C1C763F6C00F440B5 /* LaunchScreen.storyboard */,
				63A3A11F1C763F6C00F440B5 /* Info.plist */,
				63A9FEF61C7AC2D200AE54F1 /* Model */,
				63A3A1251C764E3E00F440B5 /* AtoZViewController.swift */,
				63A3A12B1C765C4100F440B5 /* AtoZTableViewController.swift */,
				63A3A12D1C76603300F440B5 /* WordListCell.swift */,
				637AF0681C817F8D005A36BA /* DefinitionPopoverVC.swift */,
				637AF06C1C83512F005A36BA /* OptionsViewController.swift */,
				637AF06E1C835B34005A36BA /* extension-Gradient.swift */,
				637AF0771C84297C005A36BA /* FlickrClient.swift */,
			);
			name = AahToZzz;
			path = "Aah to Zzz";
			sourceTree = "<group>";
		};
		63A9FEF51C7AC2AC00AE54F1 /* Core Data Managed Objects */ = {
			isa = PBXGroup;
			children = (
				6337275E1C7EAEA4003E8447 /* Word.swift */,
				63A9FEEA1C7AC29C00AE54F1 /* LetterSet.swift */,
				63A9FEEC1C7AC29C00AE54F1 /* Letter.swift */,
				63A9FEEE1C7AC29C00AE54F1 /* GameData.swift */,
			);
			name = "Core Data Managed Objects";
			path = ..;
			sourceTree = "<group>";
		};
		63A9FEF61C7AC2D200AE54F1 /* Model */ = {
			isa = PBXGroup;
			children = (
				63A9FEE71C7AB4B500AE54F1 /* CoreDataStackManager.swift */,
				63A9FEF51C7AC2AC00AE54F1 /* Core Data Managed Objects */,
				63A3A1171C763F6C00F440B5 /* AtoZ.xcdatamodeld */,
				63A3A1291C7652C300F440B5 /* AtoZModel.swift */,
				637AF06A1C8236C8005A36BA /* WordnikClient.swift */,
			);
			name = Model;
			sourceTree = "<group>";
		};
/* End PBXGroup section */

/* Begin PBXNativeTarget section */
		63A3A10C1C763F6C00F440B5 /* AahToZzz */ = {
			isa = PBXNativeTarget;
			buildConfigurationList = 63A3A1221C763F6C00F440B5 /* Build configuration list for PBXNativeTarget "AahToZzz" */;
			buildPhases = (
				63A3A1091C763F6C00F440B5 /* Sources */,
				63A3A10A1C763F6C00F440B5 /* Frameworks */,
				63A3A10B1C763F6C00F440B5 /* Resources */,
			);
			buildRules = (
			);
			dependencies = (
			);
			name = AahToZzz;
			productName = "Aah to Zzz";
			productReference = 63A3A10D1C763F6C00F440B5 /* AahToZzz.app */;
			productType = "com.apple.product-type.application";
		};
/* End PBXNativeTarget section */

/* Begin PBXProject section */
		63A3A1051C763F6C00F440B5 /* Project object */ = {
			isa = PBXProject;
			attributes = {
				LastSwiftUpdateCheck = 0720;
				LastUpgradeCheck = 0720;
				ORGANIZATIONNAME = "David Fierstein";
				TargetAttributes = {
					63A3A10C1C763F6C00F440B5 = {
						CreatedOnToolsVersion = 7.2.1;
						DevelopmentTeam = ZG4367LV78;
					};
				};
			};
			buildConfigurationList = 63A3A1081C763F6C00F440B5 /* Build configuration list for PBXProject "AahToZzz" */;
			compatibilityVersion = "Xcode 3.2";
			developmentRegion = English;
			hasScannedForEncodings = 0;
			knownRegions = (
				en,
				Base,
			);
			mainGroup = 63A3A1041C763F6C00F440B5;
			productRefGroup = 63A3A10E1C763F6C00F440B5 /* Products */;
			projectDirPath = "";
			projectRoot = "";
			targets = (
				63A3A10C1C763F6C00F440B5 /* AahToZzz */,
			);
		};
/* End PBXProject section */

/* Begin PBXResourcesBuildPhase section */
		63A3A10B1C763F6C00F440B5 /* Resources */ = {
			isa = PBXResourcesBuildPhase;
			buildActionMask = 2147483647;
			files = (
				63A3A1281C76520500F440B5 /* 3letterwordlist.txt in Resources */,
				637AF0741C83EF1F005A36BA /* wordnik-logo.png in Resources */,
				637AF0761C83EF1F005A36BA /* wordnik-logo@3x.png in Resources */,
				637AF0751C83EF1F005A36BA /* wordnik-logo@2x.png in Resources */,
				63A3A11E1C763F6C00F440B5 /* LaunchScreen.storyboard in Resources */,
				63A3A11B1C763F6C00F440B5 /* Assets.xcassets in Resources */,
				63A3A1161C763F6C00F440B5 /* Main.storyboard in Resources */,
			);
			runOnlyForDeploymentPostprocessing = 0;
		};
/* End PBXResourcesBuildPhase section */

/* Begin PBXSourcesBuildPhase section */
		63A3A1091C763F6C00F440B5 /* Sources */ = {
			isa = PBXSourcesBuildPhase;
			buildActionMask = 2147483647;
			files = (
				63A3A1261C764E3E00F440B5 /* AtoZViewController.swift in Sources */,
				63A3A12A1C7652C300F440B5 /* AtoZModel.swift in Sources */,
				63A3A12C1C765C4100F440B5 /* AtoZTableViewController.swift in Sources */,
				637AF06D1C83512F005A36BA /* OptionsViewController.swift in Sources */,
				63A9FEF41C7AC29C00AE54F1 /* GameData.swift in Sources */,
				637AF07A1C84560D005A36BA /* GradientSlider.swift in Sources */,
				637AF06B1C8236C8005A36BA /* WordnikClient.swift in Sources */,
				637AF06F1C835B34005A36BA /* extension-Gradient.swift in Sources */,
				637AF0781C84297C005A36BA /* FlickrClient.swift in Sources */,
				633727601C7EAEA4003E8447 /* Word.swift in Sources */,
				637AF0691C817F8D005A36BA /* DefinitionPopoverVC.swift in Sources */,
				63A9FEE81C7AB4B500AE54F1 /* CoreDataStackManager.swift in Sources */,
				63A3A12E1C76603300F440B5 /* WordListCell.swift in Sources */,
				63A3A1191C763F6C00F440B5 /* AtoZ.xcdatamodeld in Sources */,
				63A9FEF21C7AC29C00AE54F1 /* Letter.swift in Sources */,
				63A3A1111C763F6C00F440B5 /* AppDelegate.swift in Sources */,
				63A9FEF01C7AC29C00AE54F1 /* LetterSet.swift in Sources */,
			);
			runOnlyForDeploymentPostprocessing = 0;
		};
/* End PBXSourcesBuildPhase section */

/* Begin PBXVariantGroup section */
		63A3A1141C763F6C00F440B5 /* Main.storyboard */ = {
			isa = PBXVariantGroup;
			children = (
				63A3A1151C763F6C00F440B5 /* Base */,
			);
			name = Main.storyboard;
			sourceTree = "<group>";
		};
		63A3A11C1C763F6C00F440B5 /* LaunchScreen.storyboard */ = {
			isa = PBXVariantGroup;
			children = (
				63A3A11D1C763F6C00F440B5 /* Base */,
			);
			name = LaunchScreen.storyboard;
			sourceTree = "<group>";
		};
/* End PBXVariantGroup section */

/* Begin XCBuildConfiguration section */
		63A3A1201C763F6C00F440B5 /* Debug */ = {
			isa = XCBuildConfiguration;
			buildSettings = {
				ALWAYS_SEARCH_USER_PATHS = NO;
				CLANG_CXX_LANGUAGE_STANDARD = "gnu++0x";
				CLANG_CXX_LIBRARY = "libc++";
				CLANG_ENABLE_MODULES = YES;
				CLANG_ENABLE_OBJC_ARC = YES;
				CLANG_WARN_BOOL_CONVERSION = YES;
				CLANG_WARN_CONSTANT_CONVERSION = YES;
				CLANG_WARN_DIRECT_OBJC_ISA_USAGE = YES_ERROR;
				CLANG_WARN_EMPTY_BODY = YES;
				CLANG_WARN_ENUM_CONVERSION = YES;
				CLANG_WARN_INT_CONVERSION = YES;
				CLANG_WARN_OBJC_ROOT_CLASS = YES_ERROR;
				CLANG_WARN_UNREACHABLE_CODE = YES;
				CLANG_WARN__DUPLICATE_METHOD_MATCH = YES;
				"CODE_SIGN_IDENTITY[sdk=iphoneos*]" = "iPhone Developer";
				COPY_PHASE_STRIP = NO;
				DEBUG_INFORMATION_FORMAT = dwarf;
				ENABLE_STRICT_OBJC_MSGSEND = YES;
				ENABLE_TESTABILITY = YES;
				GCC_C_LANGUAGE_STANDARD = gnu99;
				GCC_DYNAMIC_NO_PIC = NO;
				GCC_NO_COMMON_BLOCKS = YES;
				GCC_OPTIMIZATION_LEVEL = 0;
				GCC_PREPROCESSOR_DEFINITIONS = (
					"DEBUG=1",
					"$(inherited)",
				);
				GCC_WARN_64_TO_32_BIT_CONVERSION = YES;
				GCC_WARN_ABOUT_RETURN_TYPE = YES_ERROR;
				GCC_WARN_UNDECLARED_SELECTOR = YES;
				GCC_WARN_UNINITIALIZED_AUTOS = YES_AGGRESSIVE;
				GCC_WARN_UNUSED_FUNCTION = YES;
				GCC_WARN_UNUSED_VARIABLE = YES;
				IPHONEOS_DEPLOYMENT_TARGET = 9.2;
				MTL_ENABLE_DEBUG_INFO = YES;
				ONLY_ACTIVE_ARCH = YES;
				SDKROOT = iphoneos;
				SWIFT_OPTIMIZATION_LEVEL = "-Onone";
			};
			name = Debug;
		};
		63A3A1211C763F6C00F440B5 /* Release */ = {
			isa = XCBuildConfiguration;
			buildSettings = {
				ALWAYS_SEARCH_USER_PATHS = NO;
				CLANG_CXX_LANGUAGE_STANDARD = "gnu++0x";
				CLANG_CXX_LIBRARY = "libc++";
				CLANG_ENABLE_MODULES = YES;
				CLANG_ENABLE_OBJC_ARC = YES;
				CLANG_WARN_BOOL_CONVERSION = YES;
				CLANG_WARN_CONSTANT_CONVERSION = YES;
				CLANG_WARN_DIRECT_OBJC_ISA_USAGE = YES_ERROR;
				CLANG_WARN_EMPTY_BODY = YES;
				CLANG_WARN_ENUM_CONVERSION = YES;
				CLANG_WARN_INT_CONVERSION = YES;
				CLANG_WARN_OBJC_ROOT_CLASS = YES_ERROR;
				CLANG_WARN_UNREACHABLE_CODE = YES;
				CLANG_WARN__DUPLICATE_METHOD_MATCH = YES;
				"CODE_SIGN_IDENTITY[sdk=iphoneos*]" = "iPhone Developer";
				COPY_PHASE_STRIP = NO;
				DEBUG_INFORMATION_FORMAT = "dwarf-with-dsym";
				ENABLE_NS_ASSERTIONS = NO;
				ENABLE_STRICT_OBJC_MSGSEND = YES;
				GCC_C_LANGUAGE_STANDARD = gnu99;
				GCC_NO_COMMON_BLOCKS = YES;
				GCC_WARN_64_TO_32_BIT_CONVERSION = YES;
				GCC_WARN_ABOUT_RETURN_TYPE = YES_ERROR;
				GCC_WARN_UNDECLARED_SELECTOR = YES;
				GCC_WARN_UNINITIALIZED_AUTOS = YES_AGGRESSIVE;
				GCC_WARN_UNUSED_FUNCTION = YES;
				GCC_WARN_UNUSED_VARIABLE = YES;
				IPHONEOS_DEPLOYMENT_TARGET = 9.2;
				MTL_ENABLE_DEBUG_INFO = NO;
				SDKROOT = iphoneos;
				VALIDATE_PRODUCT = YES;
			};
			name = Release;
		};
		63A3A1231C763F6C00F440B5 /* Debug */ = {
			isa = XCBuildConfiguration;
			buildSettings = {
				ASSETCATALOG_COMPILER_APPICON_NAME = AppIcon;
				CODE_SIGN_IDENTITY = "iPhone Developer";
				INFOPLIST_FILE = "Aah to Zzz/Info.plist";
				LD_RUNPATH_SEARCH_PATHS = "$(inherited) @executable_path/Frameworks";
				PRODUCT_BUNDLE_IDENTIFIER = "com.davidiad.Aah-to-Zzz";
				PRODUCT_NAME = AahToZzz;
			};
			name = Debug;
		};
		63A3A1241C763F6C00F440B5 /* Release */ = {
			isa = XCBuildConfiguration;
			buildSettings = {
				ASSETCATALOG_COMPILER_APPICON_NAME = AppIcon;
				CODE_SIGN_IDENTITY = "iPhone Developer";
				INFOPLIST_FILE = "Aah to Zzz/Info.plist";
				LD_RUNPATH_SEARCH_PATHS = "$(inherited) @executable_path/Frameworks";
				PRODUCT_BUNDLE_IDENTIFIER = "com.davidiad.Aah-to-Zzz";
				PRODUCT_NAME = AahToZzz;
			};
			name = Release;
		};
/* End XCBuildConfiguration section */

/* Begin XCConfigurationList section */
		63A3A1081C763F6C00F440B5 /* Build configuration list for PBXProject "AahToZzz" */ = {
			isa = XCConfigurationList;
			buildConfigurations = (
				63A3A1201C763F6C00F440B5 /* Debug */,
				63A3A1211C763F6C00F440B5 /* Release */,
			);
			defaultConfigurationIsVisible = 0;
			defaultConfigurationName = Release;
		};
		63A3A1221C763F6C00F440B5 /* Build configuration list for PBXNativeTarget "AahToZzz" */ = {
			isa = XCConfigurationList;
			buildConfigurations = (
				63A3A1231C763F6C00F440B5 /* Debug */,
				63A3A1241C763F6C00F440B5 /* Release */,
			);
			defaultConfigurationIsVisible = 0;
			defaultConfigurationName = Release;
		};
/* End XCConfigurationList section */

/* Begin XCVersionGroup section */
		63A3A1171C763F6C00F440B5 /* AtoZ.xcdatamodeld */ = {
			isa = XCVersionGroup;
			children = (
				63A3A1181C763F6C00F440B5 /* AtoZ.xcdatamodel */,
			);
			currentVersion = 63A3A1181C763F6C00F440B5 /* AtoZ.xcdatamodel */;
			path = AtoZ.xcdatamodeld;
			sourceTree = "<group>";
			versionGroupType = wrapper.xcdatamodel;
		};
/* End XCVersionGroup section */
	};
	rootObject = 63A3A1051C763F6C00F440B5 /* Project object */;
}
